version: 6
environments:
  default:
    channels:
    - url: https://conda.anaconda.org/conda-forge/
    - url: https://conda.anaconda.org/bioconda/
    packages:
      linux-64:
      - conda: https://conda.anaconda.org/conda-forge/linux-64/_libgcc_mutex-0.1-conda_forge.tar.bz2
      - conda: https://conda.anaconda.org/conda-forge/linux-64/_openmp_mutex-4.5-2_gnu.tar.bz2
      - conda: https://conda.anaconda.org/bioconda/linux-64/bedtools-2.31.1-h13024bc_3.tar.bz2
      - conda: https://conda.anaconda.org/conda-forge/linux-64/bzip2-1.0.8-hda65f42_8.conda
      - conda: https://conda.anaconda.org/conda-forge/noarch/ca-certificates-2025.8.3-hbd8a1cb_0.conda
      - conda: https://conda.anaconda.org/conda-forge/linux-64/libgcc-15.1.0-h767d61c_5.conda
      - conda: https://conda.anaconda.org/conda-forge/linux-64/libgcc-ng-15.1.0-h69a702a_5.conda
      - conda: https://conda.anaconda.org/conda-forge/linux-64/libgomp-15.1.0-h767d61c_5.conda
      - conda: https://conda.anaconda.org/conda-forge/linux-64/libiconv-1.18-h3b78370_2.conda
      - conda: https://conda.anaconda.org/conda-forge/linux-64/liblzma-5.8.1-hb9d3cd8_2.conda
      - conda: https://conda.anaconda.org/conda-forge/linux-64/libopenssl-static-3.5.3-hb03c661_0.conda
      - conda: https://conda.anaconda.org/conda-forge/linux-64/libpng-1.6.50-h421ea60_1.conda
      - conda: https://conda.anaconda.org/conda-forge/linux-64/libstdcxx-15.1.0-h8f9b012_5.conda
      - conda: https://conda.anaconda.org/conda-forge/linux-64/libstdcxx-ng-15.1.0-h4852527_5.conda
      - conda: https://conda.anaconda.org/conda-forge/linux-64/libuuid-2.41.1-he9a06e4_0.conda
      - conda: https://conda.anaconda.org/conda-forge/linux-64/libzlib-1.3.1-hb9d3cd8_2.conda
      - conda: https://conda.anaconda.org/conda-forge/linux-64/mysql-connector-c-6.1.11-h659d440_1008.conda
      - conda: https://conda.anaconda.org/conda-forge/linux-64/openssl-3.5.3-h26f9b46_0.conda
      - conda: https://conda.anaconda.org/bioconda/linux-64/ucsc-bigwigaverageoverbed-482-h0b57e2e_0.tar.bz2
      - conda: https://conda.anaconda.org/conda-forge/linux-64/uv-0.8.18-h2f8d451_0.conda
packages:
- conda: https://conda.anaconda.org/conda-forge/linux-64/_libgcc_mutex-0.1-conda_forge.tar.bz2
  sha256: fe51de6107f9edc7aa4f786a70f4a883943bc9d39b3bb7307c04c41410990726
  md5: d7c89558ba9fa0495403155b64376d81
  license: None
  size: 2562
  timestamp: 1578324546067
- conda: https://conda.anaconda.org/conda-forge/linux-64/_openmp_mutex-4.5-2_gnu.tar.bz2
  build_number: 16
  sha256: fbe2c5e56a653bebb982eda4876a9178aedfc2b545f25d0ce9c4c0b508253d22
  md5: 73aaf86a425cc6e73fcf236a5a46396d
  depends:
  - _libgcc_mutex 0.1 conda_forge
  - libgomp >=7.5.0
  constrains:
  - openmp_impl 9999
  license: BSD-3-Clause
  license_family: BSD
  size: 23621
  timestamp: 1650670423406
- conda: https://conda.anaconda.org/bioconda/linux-64/bedtools-2.31.1-h13024bc_3.tar.bz2
  sha256: d8b7aef31be37da761a87e1263ea00d62b67134b546f018067786aa6d3dccfac
  md5: 99c4e90e82db906439e00beafb343d16
  depends:
  - bzip2 >=1.0.8,<2.0a0
  - libgcc >=13
  - liblzma >=5.6.3,<6.0a0
  - libstdcxx >=13
  - libzlib >=1.3.1,<2.0a0
  license: MIT
  size: 1607626
  timestamp: 1733852519791
- conda: https://conda.anaconda.org/conda-forge/linux-64/bzip2-1.0.8-hda65f42_8.conda
  sha256: c30daba32ddebbb7ded490f0e371eae90f51e72db620554089103b4a6934b0d5
  md5: 51a19bba1b8ebfb60df25cde030b7ebc
  depends:
  - __glibc >=2.17,<3.0.a0
  - libgcc >=14
  license: bzip2-1.0.6
  license_family: BSD
  size: 260341
  timestamp: 1757437258798
- conda: https://conda.anaconda.org/conda-forge/noarch/ca-certificates-2025.8.3-hbd8a1cb_0.conda
  sha256: 837b795a2bb39b75694ba910c13c15fa4998d4bb2a622c214a6a5174b2ae53d1
  md5: 74784ee3d225fc3dca89edb635b4e5cc
  depends:
  - __unix
  license: ISC
  size: 154402
  timestamp: 1754210968730
- conda: https://conda.anaconda.org/conda-forge/linux-64/libgcc-15.1.0-h767d61c_5.conda
  sha256: 0caed73aac3966bfbf5710e06c728a24c6c138605121a3dacb2e03440e8baa6a
  md5: 264fbfba7fb20acf3b29cde153e345ce
  depends:
  - __glibc >=2.17,<3.0.a0
  - _openmp_mutex >=4.5
  constrains:
  - libgomp 15.1.0 h767d61c_5
  - libgcc-ng ==15.1.0=*_5
  license: GPL-3.0-only WITH GCC-exception-3.1
  license_family: GPL
  size: 824191
  timestamp: 1757042543820
- conda: https://conda.anaconda.org/conda-forge/linux-64/libgcc-ng-15.1.0-h69a702a_5.conda
  sha256: f54bb9c3be12b24be327f4c1afccc2969712e0b091cdfbd1d763fb3e61cda03f
  md5: 069afdf8ea72504e48d23ae1171d951c
  depends:
  - libgcc 15.1.0 h767d61c_5
  license: GPL-3.0-only WITH GCC-exception-3.1
  license_family: GPL
  size: 29187
  timestamp: 1757042549554
- conda: https://conda.anaconda.org/conda-forge/linux-64/libgomp-15.1.0-h767d61c_5.conda
  sha256: 125051d51a8c04694d0830f6343af78b556dd88cc249dfec5a97703ebfb1832d
  md5: dcd5ff1940cd38f6df777cac86819d60
  depends:
  - __glibc >=2.17,<3.0.a0
  license: GPL-3.0-only WITH GCC-exception-3.1
  license_family: GPL
  size: 447215
  timestamp: 1757042483384
- conda: https://conda.anaconda.org/conda-forge/linux-64/libiconv-1.18-h3b78370_2.conda
  sha256: c467851a7312765447155e071752d7bf9bf44d610a5687e32706f480aad2833f
  md5: 915f5995e94f60e9a4826e0b0920ee88
  depends:
  - __glibc >=2.17,<3.0.a0
  - libgcc >=14
  license: LGPL-2.1-only
  size: 790176
  timestamp: 1754908768807
- conda: https://conda.anaconda.org/conda-forge/linux-64/liblzma-5.8.1-hb9d3cd8_2.conda
  sha256: f2591c0069447bbe28d4d696b7fcb0c5bd0b4ac582769b89addbcf26fb3430d8
  md5: 1a580f7796c7bf6393fddb8bbbde58dc
  depends:
  - __glibc >=2.17,<3.0.a0
  - libgcc >=13
  constrains:
  - xz 5.8.1.*
  license: 0BSD
  size: 112894
  timestamp: 1749230047870
- conda: https://conda.anaconda.org/conda-forge/linux-64/libopenssl-static-3.5.3-hb03c661_0.conda
  sha256: a8e0198dccf2a50bcea6f104af01ab7e9b867c32ae2e82dd3b520dde0865dd50
  md5: 1ef17d0d7b8bece89a021b2866c027a7
  depends:
  - __glibc >=2.17,<3.0.a0
  - libgcc >=14
  - openssl 3.5.3 h26f9b46_0
  license: Apache-2.0
  license_family: Apache
  size: 2840057
  timestamp: 1758040423766
- conda: https://conda.anaconda.org/conda-forge/linux-64/libpng-1.6.50-h421ea60_1.conda
  sha256: e75a2723000ce3a4b9fd9b9b9ce77553556c93e475a4657db6ed01abc02ea347
  md5: 7af8e91b0deb5f8e25d1a595dea79614
  depends:
  - libgcc >=14
  - __glibc >=2.17,<3.0.a0
  - libzlib >=1.3.1,<2.0a0
  license: zlib-acknowledgement
  size: 317390
  timestamp: 1753879899951
- conda: https://conda.anaconda.org/conda-forge/linux-64/libstdcxx-15.1.0-h8f9b012_5.conda
  sha256: 0f5f61cab229b6043541c13538d75ce11bd96fb2db76f94ecf81997b1fde6408
  md5: 4e02a49aaa9d5190cb630fa43528fbe6
  depends:
  - __glibc >=2.17,<3.0.a0
  - libgcc 15.1.0 h767d61c_5
  license: GPL-3.0-only WITH GCC-exception-3.1
  license_family: GPL
  size: 3896432
  timestamp: 1757042571458
- conda: https://conda.anaconda.org/conda-forge/linux-64/libstdcxx-ng-15.1.0-h4852527_5.conda
  sha256: 7b8cabbf0ab4fe3581ca28fe8ca319f964078578a51dd2ca3f703c1d21ba23ff
  md5: 8bba50c7f4679f08c861b597ad2bda6b
  depends:
  - libstdcxx 15.1.0 h8f9b012_5
  license: GPL-3.0-only WITH GCC-exception-3.1
  license_family: GPL
  size: 29233
  timestamp: 1757042603319
- conda: https://conda.anaconda.org/conda-forge/linux-64/libuuid-2.41.1-he9a06e4_0.conda
  sha256: 776e28735cee84b97e4d05dd5d67b95221a3e2c09b8b13e3d6dbe6494337d527
  md5: af930c65e9a79a3423d6d36e265cef65
  depends:
  - __glibc >=2.17,<3.0.a0
  - libgcc >=14
  license: BSD-3-Clause
  license_family: BSD
  size: 37087
  timestamp: 1757334557450
- conda: https://conda.anaconda.org/conda-forge/linux-64/libzlib-1.3.1-hb9d3cd8_2.conda
  sha256: d4bfe88d7cb447768e31650f06257995601f89076080e76df55e3112d4e47dc4
  md5: edb0dca6bc32e4f4789199455a1dbeb8
  depends:
  - __glibc >=2.17,<3.0.a0
  - libgcc >=13
  constrains:
  - zlib 1.3.1 *_2
  license: Zlib
  license_family: Other
  size: 60963
  timestamp: 1727963148474
- conda: https://conda.anaconda.org/conda-forge/linux-64/mysql-connector-c-6.1.11-h659d440_1008.conda
  sha256: 0d796529e90bf6f511fd7199acfb5cc788e04d853e1afd48aa6bad33a6e49008
  md5: 149e0b89cbbe09397f1147cb3736bcbe
  depends:
  - libgcc-ng >=12
  - libstdcxx-ng >=12
  - openssl >=3.1.3,<4.0a0
  license: GPL-2.0-only
  license_family: GPL
  size: 1268505
  timestamp: 1697651492989
- conda: https://conda.anaconda.org/conda-forge/linux-64/openssl-3.5.3-h26f9b46_0.conda
  sha256: 8c313f79fd9408f53922441fbb4e38f065e2251840f86862f05bdf613da7980f
  md5: 72b3dd72e4f0b88cdacf3421313480f0
  depends:
  - __glibc >=2.17,<3.0.a0
  - ca-certificates
  - libgcc >=14
  license: Apache-2.0
  license_family: Apache
  size: 3136554
  timestamp: 1758040407921
- conda: https://conda.anaconda.org/bioconda/linux-64/ucsc-bigwigaverageoverbed-482-h0b57e2e_0.tar.bz2
  sha256: 5aa6098f9c5b6881b7564df5024943c2cfff5a13f5ca8942c878880fdb7ee3a9
  md5: 764c466cf766ecb85843a7fee28c96fd
  depends:
  - bzip2 >=1.0.8,<2.0a0
  - libgcc >=13
  - libiconv >=1.18,<2.0a0
  - liblzma >=5.8.1,<6.0a0
  - libopenssl-static
  - libpng >=1.6.49,<1.7.0a0
  - libstdcxx >=13
  - libuuid >=2.38.1,<3.0a0
  - libzlib >=1.3.1,<2.0a0
  - mysql-connector-c >=6.1.11,<6.1.12.0a0
  license: Varies; see https://genome.ucsc.edu/license
  size: 520567
  timestamp: 1750948263722
- conda: https://conda.anaconda.org/conda-forge/linux-64/uv-0.8.18-h2f8d451_0.conda
  sha256: e49f9dfbc87f5d903ee33f967b79bef93b02dde1002bf607d2c5f1a6cee84cc1
  md5: a90616bbdbba333ff059fea228eaf443
  depends:
  - __glibc >=2.17,<3.0.a0
  - libgcc >=14
  - libstdcxx >=14
  - libgcc >=14
  constrains:
  - __glibc >=2.17
  license: Apache-2.0 OR MIT
  size: 16536200
  timestamp: 1758161137319
